# THIS IS AN AUTOGENERATED FILE. DO NOT EDIT THIS FILE DIRECTLY.
# yarn lockfile v1


"@types/node@^16.0.0":
  "integrity" "sha512-JKSl7y+w1aaEd+2B1Y6HlMvrHUFDDzL7W3faUT9ZsJ0JhT7ijPPVS24XMhHlNVd76M23mogO7ipuqPjdNrPqxQ=="
  "resolved" "https://registry.npmjs.org/@types/node/-/node-16.11.50.tgz"
  "version" "16.11.50"

"fsuipc@file:C:\\Users\\User\\Desktop\\Progetti\\TFDiDesign\\libs\\fsuipc-wrapper\\fsuipc-node\\packages\\fsuipc":
  "resolved" "file:packages/fsuipc"
  "version" "0.6.0"
  dependencies:
    "node-addon-api" "^5.0.0"
    "node-gyp-build" "^4.5.0"

"node-addon-api@^5.0.0":
  "integrity" "sha512-CvkDw2OEnme7ybCykJpVcKH+uAOLV2qLqiyla128dN9TkEWfrYmxG6C2boDe5KcNQqZF3orkqzGgOMvZ/JNekA=="
  "resolved" "https://registry.npmjs.org/node-addon-api/-/node-addon-api-5.0.0.tgz"
  "version" "5.0.0"

"node-gyp-build@^4.5.0":
  "integrity" "sha512-2iGbaQBV+ITgCz76ZEjmhUKAKVf7xfY1sRl4UiKQspfZMH2h06SyhNsnSVy50cwkFQDGLyif6m/6uFXHkOZ6rg=="
  "resolved" "https://registry.npmjs.org/node-gyp-build/-/node-gyp-build-4.5.0.tgz"
  "version" "4.5.0"
